
Microsoft Visual Studio Solution File, Format Version 12.00
Project("{FAE04EC0-301F-11D3-BF4B-00C04F79EFBC}") = "RedisworkCore", "RedisworkCore\RedisworkCore.csproj", "{6F552086-FFAA-4D00-A61F-9F7D0C7AD90E}"
EndProject
Project("{FAE04EC0-301F-11D3-BF4B-00C04F79EFBC}") = "RedisworkCore.DataAnnotations", "RedisworkCore.DataAnnotations\RedisworkCore.DataAnnotations.csproj", "{EF934863-57E9-40B3-979F-329D5E5A5762}"
EndProject
Project("{2150E333-8FDC-42A3-9474-1A3956D46DE8}") = "_Tests", "_Tests", "{A451079A-BA8B-4821-A3DB-6D7D57A89CC3}"
EndProject
Project("{FAE04EC0-301F-11D3-BF4B-00C04F79EFBC}") = "RedisworkCore.Playground", "RedisworkCore.Playground\RedisworkCore.Playground.csproj", "{6F4FD4A1-3549-4173-9216-901EDACBE56B}"
EndProject
Global
	GlobalSection(SolutionConfigurationPlatforms) = preSolution
		Debug|Any CPU = Debug|Any CPU
		Release|Any CPU = Release|Any CPU
	EndGlobalSection
	GlobalSection(ProjectConfigurationPlatforms) = postSolution
		{6F552086-FFAA-4D00-A61F-9F7D0C7AD90E}.Debug|Any CPU.ActiveCfg = Debug|Any CPU
		{6F552086-FFAA-4D00-A61F-9F7D0C7AD90E}.Debug|Any CPU.Build.0 = Debug|Any CPU
		{6F552086-FFAA-4D00-A61F-9F7D0C7AD90E}.Release|Any CPU.ActiveCfg = Release|Any CPU
		{6F552086-FFAA-4D00-A61F-9F7D0C7AD90E}.Release|Any CPU.Build.0 = Release|Any CPU
		{EF934863-57E9-40B3-979F-329D5E5A5762}.Debug|Any CPU.ActiveCfg = Debug|Any CPU
		{EF934863-57E9-40B3-979F-329D5E5A5762}.Debug|Any CPU.Build.0 = Debug|Any CPU
		{EF934863-57E9-40B3-979F-329D5E5A5762}.Release|Any CPU.ActiveCfg = Release|Any CPU
		{EF934863-57E9-40B3-979F-329D5E5A5762}.Release|Any CPU.Build.0 = Release|Any CPU
		{6F4FD4A1-3549-4173-9216-901EDACBE56B}.Debug|Any CPU.ActiveCfg = Debug|Any CPU
		{6F4FD4A1-3549-4173-9216-901EDACBE56B}.Debug|Any CPU.Build.0 = Debug|Any CPU
		{6F4FD4A1-3549-4173-9216-901EDACBE56B}.Release|Any CPU.ActiveCfg = Release|Any CPU
		{6F4FD4A1-3549-4173-9216-901EDACBE56B}.Release|Any CPU.Build.0 = Release|Any CPU
	EndGlobalSection
	GlobalSection(NestedProjects) = preSolution
		{6F4FD4A1-3549-4173-9216-901EDACBE56B} = {A451079A-BA8B-4821-A3DB-6D7D57A89CC3}
	EndGlobalSection
EndGlobal
